
Microsoft Visual Studio Solution File, Format Version 12.00
# Visual Studio 14
VisualStudioVersion = 14.0.23107.0
MinimumVisualStudioVersion = 10.0.40219.1
Project("{FAE04EC0-301F-11D3-BF4B-00C04F79EFBC}") = "Client", "Client\Client.csproj", "{0AFB8DD8-168F-4BC5-9427-DD9DF1881C76}"
EndProject
Project("{FAE04EC0-301F-11D3-BF4B-00C04F79EFBC}") = "FibroscanProcessor", "FibroscanProcessor\FibroscanProcessor.csproj", "{56299F06-7B5A-400D-A41F-A93A956A09F7}"
EndProject
Project("{FAE04EC0-301F-11D3-BF4B-00C04F79EFBC}") = "Eklekto", "Eklekto\Eklekto.csproj", "{EAB1EB1A-E757-4F23-9BEE-FB145A1F7792}"
EndProject
Project("{2150E333-8FDC-42A3-9474-1A3956D46DE8}") = "Modules", "Modules", "{334531D8-1D36-4303-862A-2DED5FEEA231}"
EndProject
Project("{FAE04EC0-301F-11D3-BF4B-00C04F79EFBC}") = "Fibrosis", "Modules\Fibrosis\Fibrosis.csproj", "{792E1A47-6361-4BE7-8977-F0A46E6D9BE6}"
EndProject
Project("{FAE04EC0-301F-11D3-BF4B-00C04F79EFBC}") = "EsculabsCommon", "EsculabsCommon\EsculabsCommon.csproj", "{23319B71-8321-41EE-98F5-6938F520DB52}"
EndProject
Global
	GlobalSection(SolutionConfigurationPlatforms) = preSolution
		Debug|Any CPU = Debug|Any CPU
		Debug|ARM = Debug|ARM
		Debug|x64 = Debug|x64
		Debug|x86 = Debug|x86
		Release|Any CPU = Release|Any CPU
		Release|ARM = Release|ARM
		Release|x64 = Release|x64
		Release|x86 = Release|x86
	EndGlobalSection
	GlobalSection(ProjectConfigurationPlatforms) = postSolution
		{0AFB8DD8-168F-4BC5-9427-DD9DF1881C76}.Debug|Any CPU.ActiveCfg = Debug|Any CPU
		{0AFB8DD8-168F-4BC5-9427-DD9DF1881C76}.Debug|Any CPU.Build.0 = Debug|Any CPU
		{0AFB8DD8-168F-4BC5-9427-DD9DF1881C76}.Debug|ARM.ActiveCfg = Debug|Any CPU
		{0AFB8DD8-168F-4BC5-9427-DD9DF1881C76}.Debug|ARM.Build.0 = Debug|Any CPU
		{0AFB8DD8-168F-4BC5-9427-DD9DF1881C76}.Debug|x64.ActiveCfg = Debug|Any CPU
		{0AFB8DD8-168F-4BC5-9427-DD9DF1881C76}.Debug|x64.Build.0 = Debug|Any CPU
		{0AFB8DD8-168F-4BC5-9427-DD9DF1881C76}.Debug|x86.ActiveCfg = Debug|Any CPU
		{0AFB8DD8-168F-4BC5-9427-DD9DF1881C76}.Debug|x86.Build.0 = Debug|Any CPU
		{0AFB8DD8-168F-4BC5-9427-DD9DF1881C76}.Release|Any CPU.ActiveCfg = Release|Any CPU
		{0AFB8DD8-168F-4BC5-9427-DD9DF1881C76}.Release|Any CPU.Build.0 = Release|Any CPU
		{0AFB8DD8-168F-4BC5-9427-DD9DF1881C76}.Release|ARM.ActiveCfg = Release|Any CPU
		{0AFB8DD8-168F-4BC5-9427-DD9DF1881C76}.Release|ARM.Build.0 = Release|Any CPU
		{0AFB8DD8-168F-4BC5-9427-DD9DF1881C76}.Release|x64.ActiveCfg = Release|Any CPU
		{0AFB8DD8-168F-4BC5-9427-DD9DF1881C76}.Release|x64.Build.0 = Release|Any CPU
		{0AFB8DD8-168F-4BC5-9427-DD9DF1881C76}.Release|x86.ActiveCfg = Release|Any CPU
		{0AFB8DD8-168F-4BC5-9427-DD9DF1881C76}.Release|x86.Build.0 = Release|Any CPU
		{56299F06-7B5A-400D-A41F-A93A956A09F7}.Debug|Any CPU.ActiveCfg = Debug|Any CPU
		{56299F06-7B5A-400D-A41F-A93A956A09F7}.Debug|Any CPU.Build.0 = Debug|Any CPU
		{56299F06-7B5A-400D-A41F-A93A956A09F7}.Debug|ARM.ActiveCfg = Debug|Any CPU
		{56299F06-7B5A-400D-A41F-A93A956A09F7}.Debug|ARM.Build.0 = Debug|Any CPU
		{56299F06-7B5A-400D-A41F-A93A956A09F7}.Debug|x64.ActiveCfg = Debug|Any CPU
		{56299F06-7B5A-400D-A41F-A93A956A09F7}.Debug|x64.Build.0 = Debug|Any CPU
		{56299F06-7B5A-400D-A41F-A93A956A09F7}.Debug|x86.ActiveCfg = Debug|Any CPU
		{56299F06-7B5A-400D-A41F-A93A956A09F7}.Debug|x86.Build.0 = Debug|Any CPU
		{56299F06-7B5A-400D-A41F-A93A956A09F7}.Release|Any CPU.ActiveCfg = Release|Any CPU
		{56299F06-7B5A-400D-A41F-A93A956A09F7}.Release|Any CPU.Build.0 = Release|Any CPU
		{56299F06-7B5A-400D-A41F-A93A956A09F7}.Release|ARM.ActiveCfg = Release|Any CPU
		{56299F06-7B5A-400D-A41F-A93A956A09F7}.Release|ARM.Build.0 = Release|Any CPU
		{56299F06-7B5A-400D-A41F-A93A956A09F7}.Release|x64.ActiveCfg = Release|Any CPU
		{56299F06-7B5A-400D-A41F-A93A956A09F7}.Release|x64.Build.0 = Release|Any CPU
		{56299F06-7B5A-400D-A41F-A93A956A09F7}.Release|x86.ActiveCfg = Release|Any CPU
		{56299F06-7B5A-400D-A41F-A93A956A09F7}.Release|x86.Build.0 = Release|Any CPU
		{EAB1EB1A-E757-4F23-9BEE-FB145A1F7792}.Debug|Any CPU.ActiveCfg = Debug|Any CPU
		{EAB1EB1A-E757-4F23-9BEE-FB145A1F7792}.Debug|Any CPU.Build.0 = Debug|Any CPU
		{EAB1EB1A-E757-4F23-9BEE-FB145A1F7792}.Debug|ARM.ActiveCfg = Debug|Any CPU
		{EAB1EB1A-E757-4F23-9BEE-FB145A1F7792}.Debug|ARM.Build.0 = Debug|Any CPU
		{EAB1EB1A-E757-4F23-9BEE-FB145A1F7792}.Debug|x64.ActiveCfg = Debug|Any CPU
		{EAB1EB1A-E757-4F23-9BEE-FB145A1F7792}.Debug|x64.Build.0 = Debug|Any CPU
		{EAB1EB1A-E757-4F23-9BEE-FB145A1F7792}.Debug|x86.ActiveCfg = Debug|Any CPU
		{EAB1EB1A-E757-4F23-9BEE-FB145A1F7792}.Debug|x86.Build.0 = Debug|Any CPU
		{EAB1EB1A-E757-4F23-9BEE-FB145A1F7792}.Release|Any CPU.ActiveCfg = Release|Any CPU
		{EAB1EB1A-E757-4F23-9BEE-FB145A1F7792}.Release|Any CPU.Build.0 = Release|Any CPU
		{EAB1EB1A-E757-4F23-9BEE-FB145A1F7792}.Release|ARM.ActiveCfg = Release|Any CPU
		{EAB1EB1A-E757-4F23-9BEE-FB145A1F7792}.Release|ARM.Build.0 = Release|Any CPU
		{EAB1EB1A-E757-4F23-9BEE-FB145A1F7792}.Release|x64.ActiveCfg = Release|Any CPU
		{EAB1EB1A-E757-4F23-9BEE-FB145A1F7792}.Release|x64.Build.0 = Release|Any CPU
		{EAB1EB1A-E757-4F23-9BEE-FB145A1F7792}.Release|x86.ActiveCfg = Release|Any CPU
		{EAB1EB1A-E757-4F23-9BEE-FB145A1F7792}.Release|x86.Build.0 = Release|Any CPU
		{792E1A47-6361-4BE7-8977-F0A46E6D9BE6}.Debug|Any CPU.ActiveCfg = Debug|Any CPU
		{792E1A47-6361-4BE7-8977-F0A46E6D9BE6}.Debug|Any CPU.Build.0 = Debug|Any CPU
		{792E1A47-6361-4BE7-8977-F0A46E6D9BE6}.Debug|ARM.ActiveCfg = Debug|Any CPU
		{792E1A47-6361-4BE7-8977-F0A46E6D9BE6}.Debug|ARM.Build.0 = Debug|Any CPU
		{792E1A47-6361-4BE7-8977-F0A46E6D9BE6}.Debug|x64.ActiveCfg = Debug|Any CPU
		{792E1A47-6361-4BE7-8977-F0A46E6D9BE6}.Debug|x64.Build.0 = Debug|Any CPU
		{792E1A47-6361-4BE7-8977-F0A46E6D9BE6}.Debug|x86.ActiveCfg = Debug|Any CPU
		{792E1A47-6361-4BE7-8977-F0A46E6D9BE6}.Debug|x86.Build.0 = Debug|Any CPU
		{792E1A47-6361-4BE7-8977-F0A46E6D9BE6}.Release|Any CPU.ActiveCfg = Release|Any CPU
		{792E1A47-6361-4BE7-8977-F0A46E6D9BE6}.Release|Any CPU.Build.0 = Release|Any CPU
		{792E1A47-6361-4BE7-8977-F0A46E6D9BE6}.Release|ARM.ActiveCfg = Release|Any CPU
		{792E1A47-6361-4BE7-8977-F0A46E6D9BE6}.Release|ARM.Build.0 = Release|Any CPU
		{792E1A47-6361-4BE7-8977-F0A46E6D9BE6}.Release|x64.ActiveCfg = Release|Any CPU
		{792E1A47-6361-4BE7-8977-F0A46E6D9BE6}.Release|x64.Build.0 = Release|Any CPU
		{792E1A47-6361-4BE7-8977-F0A46E6D9BE6}.Release|x86.ActiveCfg = Release|Any CPU
		{792E1A47-6361-4BE7-8977-F0A46E6D9BE6}.Release|x86.Build.0 = Release|Any CPU
		{23319B71-8321-41EE-98F5-6938F520DB52}.Debug|Any CPU.ActiveCfg = Debug|Any CPU
		{23319B71-8321-41EE-98F5-6938F520DB52}.Debug|Any CPU.Build.0 = Debug|Any CPU
		{23319B71-8321-41EE-98F5-6938F520DB52}.Debug|ARM.ActiveCfg = Debug|Any CPU
		{23319B71-8321-41EE-98F5-6938F520DB52}.Debug|ARM.Build.0 = Debug|Any CPU
		{23319B71-8321-41EE-98F5-6938F520DB52}.Debug|x64.ActiveCfg = Debug|Any CPU
		{23319B71-8321-41EE-98F5-6938F520DB52}.Debug|x64.Build.0 = Debug|Any CPU
		{23319B71-8321-41EE-98F5-6938F520DB52}.Debug|x86.ActiveCfg = Debug|Any CPU
		{23319B71-8321-41EE-98F5-6938F520DB52}.Debug|x86.Build.0 = Debug|Any CPU
		{23319B71-8321-41EE-98F5-6938F520DB52}.Release|Any CPU.ActiveCfg = Release|Any CPU
		{23319B71-8321-41EE-98F5-6938F520DB52}.Release|Any CPU.Build.0 = Release|Any CPU
		{23319B71-8321-41EE-98F5-6938F520DB52}.Release|ARM.ActiveCfg = Release|Any CPU
		{23319B71-8321-41EE-98F5-6938F520DB52}.Release|ARM.Build.0 = Release|Any CPU
		{23319B71-8321-41EE-98F5-6938F520DB52}.Release|x64.ActiveCfg = Release|Any CPU
		{23319B71-8321-41EE-98F5-6938F520DB52}.Release|x64.Build.0 = Release|Any CPU
		{23319B71-8321-41EE-98F5-6938F520DB52}.Release|x86.ActiveCfg = Release|Any CPU
		{23319B71-8321-41EE-98F5-6938F520DB52}.Release|x86.Build.0 = Release|Any CPU
	EndGlobalSection
	GlobalSection(SolutionProperties) = preSolution
		HideSolutionNode = FALSE
	EndGlobalSection
	GlobalSection(NestedProjects) = preSolution
		{792E1A47-6361-4BE7-8977-F0A46E6D9BE6} = {334531D8-1D36-4303-862A-2DED5FEEA231}
	EndGlobalSection
EndGlobal
